
Microsoft Visual Studio Solution File, Format Version 12.00
# Visual Studio Version 16
VisualStudioVersion = 16.0.28803.202
MinimumVisualStudioVersion = 10.0.40219.1
Project("{9A19103F-16F7-4668-BE54-9A1E7A4F7556}") = "Evento.Api", "Evento.Api\Evento.Api.csproj", "{B170E36C-4F65-4AC9-9667-F9E3D3391FDA}"
EndProject
Project("{9A19103F-16F7-4668-BE54-9A1E7A4F7556}") = "Evento.Infrastructure", "Evento.Infrastructure\Evento.Infrastructure.csproj", "{5A045762-8584-4276-A392-D6FA2FB05E6B}"
EndProject
Project("{9A19103F-16F7-4668-BE54-9A1E7A4F7556}") = "Evento.Core", "Evento.Core\Evento.Core.csproj", "{02C749FD-DDF2-4AC6-8DA7-BC8593C6DF9D}"
EndProject
Project("{FAE04EC0-301F-11D3-BF4B-00C04F79EFBC}") = "Tests", "Tests\Tests.csproj", "{A2C39F00-BE51-4DDA-8F1E-CD9AE3F0695D}"
EndProject
Global
	GlobalSection(SolutionConfigurationPlatforms) = preSolution
		Debug|Any CPU = Debug|Any CPU
		Release|Any CPU = Release|Any CPU
	EndGlobalSection
	GlobalSection(ProjectConfigurationPlatforms) = postSolution
		{B170E36C-4F65-4AC9-9667-F9E3D3391FDA}.Debug|Any CPU.ActiveCfg = Debug|Any CPU
		{B170E36C-4F65-4AC9-9667-F9E3D3391FDA}.Debug|Any CPU.Build.0 = Debug|Any CPU
		{B170E36C-4F65-4AC9-9667-F9E3D3391FDA}.Release|Any CPU.ActiveCfg = Release|Any CPU
		{B170E36C-4F65-4AC9-9667-F9E3D3391FDA}.Release|Any CPU.Build.0 = Release|Any CPU
		{5A045762-8584-4276-A392-D6FA2FB05E6B}.Debug|Any CPU.ActiveCfg = Debug|Any CPU
		{5A045762-8584-4276-A392-D6FA2FB05E6B}.Debug|Any CPU.Build.0 = Debug|Any CPU
		{5A045762-8584-4276-A392-D6FA2FB05E6B}.Release|Any CPU.ActiveCfg = Release|Any CPU
		{5A045762-8584-4276-A392-D6FA2FB05E6B}.Release|Any CPU.Build.0 = Release|Any CPU
		{02C749FD-DDF2-4AC6-8DA7-BC8593C6DF9D}.Debug|Any CPU.ActiveCfg = Debug|Any CPU
		{02C749FD-DDF2-4AC6-8DA7-BC8593C6DF9D}.Debug|Any CPU.Build.0 = Debug|Any CPU
		{02C749FD-DDF2-4AC6-8DA7-BC8593C6DF9D}.Release|Any CPU.ActiveCfg = Release|Any CPU
		{02C749FD-DDF2-4AC6-8DA7-BC8593C6DF9D}.Release|Any CPU.Build.0 = Release|Any CPU
		{A2C39F00-BE51-4DDA-8F1E-CD9AE3F0695D}.Debug|Any CPU.ActiveCfg = Debug|Any CPU
		{A2C39F00-BE51-4DDA-8F1E-CD9AE3F0695D}.Debug|Any CPU.Build.0 = Debug|Any CPU
		{A2C39F00-BE51-4DDA-8F1E-CD9AE3F0695D}.Release|Any CPU.ActiveCfg = Release|Any CPU
		{A2C39F00-BE51-4DDA-8F1E-CD9AE3F0695D}.Release|Any CPU.Build.0 = Release|Any CPU
	EndGlobalSection
	GlobalSection(SolutionProperties) = preSolution
		HideSolutionNode = FALSE
	EndGlobalSection
	GlobalSection(ExtensibilityGlobals) = postSolution
		SolutionGuid = {A72AC0DB-385F-4DA5-81BA-7930767E78D8}
	EndGlobalSection
EndGlobal
